
Microsoft Visual Studio Solution File, Format Version 12.00
# Visual Studio Version 17
VisualStudioVersion = 17.8.34330.188
MinimumVisualStudioVersion = 10.0.40219.1
Project("{FAE04EC0-301F-11D3-BF4B-00C04F79EFBC}") = "TMS_Diploma", "TMS_Diploma\TMS_Diploma.csproj", "{3313BD1B-3417-4795-BE20-F17D05E2857E}"
EndProject
Global
	GlobalSection(SolutionConfigurationPlatforms) = preSolution
		Debug|Any CPU = Debug|Any CPU
		Release|Any CPU = Release|Any CPU
	EndGlobalSection
	GlobalSection(ProjectConfigurationPlatforms) = postSolution
		{3313BD1B-3417-4795-BE20-F17D05E2857E}.Debug|Any CPU.ActiveCfg = Debug|Any CPU
		{3313BD1B-3417-4795-BE20-F17D05E2857E}.Debug|Any CPU.Build.0 = Debug|Any CPU
		{3313BD1B-3417-4795-BE20-F17D05E2857E}.Release|Any CPU.ActiveCfg = Release|Any CPU
		{3313BD1B-3417-4795-BE20-F17D05E2857E}.Release|Any CPU.Build.0 = Release|Any CPU
	EndGlobalSection
	GlobalSection(SolutionProperties) = preSolution
		HideSolutionNode = FALSE
	EndGlobalSection
	GlobalSection(ExtensibilityGlobals) = postSolution
		SolutionGuid = {ECA7F9EE-C121-41EC-86CA-DF789750B9AE}
	EndGlobalSection
EndGlobal
